
Microsoft Visual Studio Solution File, Format Version 12.00
# Visual Studio 15
VisualStudioVersion = 15.0.28010.2048
MinimumVisualStudioVersion = 10.0.40219.1
Project("{FAE04EC0-301F-11D3-BF4B-00C04F79EFBC}") = "BoneBreaker", "BoneBreaker\BoneBreaker.csproj", "{473A70FE-393A-4DCD-A9AE-5D12D19115A6}"
EndProject
Global
	GlobalSection(SolutionConfigurationPlatforms) = preSolution
		Debug|Any CPU = Debug|Any CPU
		Release|Any CPU = Release|Any CPU
	EndGlobalSection
	GlobalSection(ProjectConfigurationPlatforms) = postSolution
		{473A70FE-393A-4DCD-A9AE-5D12D19115A6}.Debug|Any CPU.ActiveCfg = Debug|Any CPU
		{473A70FE-393A-4DCD-A9AE-5D12D19115A6}.Debug|Any CPU.Build.0 = Debug|Any CPU
		{473A70FE-393A-4DCD-A9AE-5D12D19115A6}.Release|Any CPU.ActiveCfg = Release|Any CPU
		{473A70FE-393A-4DCD-A9AE-5D12D19115A6}.Release|Any CPU.Build.0 = Release|Any CPU
	EndGlobalSection
	GlobalSection(SolutionProperties) = preSolution
		HideSolutionNode = FALSE
	EndGlobalSection
	GlobalSection(ExtensibilityGlobals) = postSolution
		SolutionGuid = {4DFF7F04-F2B3-480E-A0D7-637723D244E4}
	EndGlobalSection
EndGlobal
